
Microsoft Visual Studio Solution File, Format Version 12.00
# Visual Studio Version 17
VisualStudioVersion = 17.2.32526.322
MinimumVisualStudioVersion = 10.0.40219.1
Project("{FAE04EC0-301F-11D3-BF4B-00C04F79EFBC}") = "SorteringsTest", "SorteringsTest\SorteringsTest.csproj", "{143C4D8D-14D2-4910-A2B6-8F23BE5A5F8A}"
EndProject
Global
	GlobalSection(SolutionConfigurationPlatforms) = preSolution
		Debug|Any CPU = Debug|Any CPU
		Release|Any CPU = Release|Any CPU
	EndGlobalSection
	GlobalSection(ProjectConfigurationPlatforms) = postSolution
		{143C4D8D-14D2-4910-A2B6-8F23BE5A5F8A}.Debug|Any CPU.ActiveCfg = Debug|Any CPU
		{143C4D8D-14D2-4910-A2B6-8F23BE5A5F8A}.Debug|Any CPU.Build.0 = Debug|Any CPU
		{143C4D8D-14D2-4910-A2B6-8F23BE5A5F8A}.Release|Any CPU.ActiveCfg = Release|Any CPU
		{143C4D8D-14D2-4910-A2B6-8F23BE5A5F8A}.Release|Any CPU.Build.0 = Release|Any CPU
	EndGlobalSection
	GlobalSection(SolutionProperties) = preSolution
		HideSolutionNode = FALSE
	EndGlobalSection
	GlobalSection(ExtensibilityGlobals) = postSolution
		SolutionGuid = {F2D62ED9-D344-44DD-B67B-D69DAEA1222B}
	EndGlobalSection
EndGlobal
