
Microsoft Visual Studio Solution File, Format Version 12.00
# Visual Studio Version 17
VisualStudioVersion = 17.2.32526.322
MinimumVisualStudioVersion = 10.0.40219.1
Project("{FAE04EC0-301F-11D3-BF4B-00C04F79EFBC}") = "ExceptionHandling", "ExceptionHandling\ExceptionHandling.csproj", "{8C57D5B4-9379-4F88-86DD-0527E975CD33}"
EndProject
Global
	GlobalSection(SolutionConfigurationPlatforms) = preSolution
		Debug|Any CPU = Debug|Any CPU
		Release|Any CPU = Release|Any CPU
	EndGlobalSection
	GlobalSection(ProjectConfigurationPlatforms) = postSolution
		{8C57D5B4-9379-4F88-86DD-0527E975CD33}.Debug|Any CPU.ActiveCfg = Debug|Any CPU
		{8C57D5B4-9379-4F88-86DD-0527E975CD33}.Debug|Any CPU.Build.0 = Debug|Any CPU
		{8C57D5B4-9379-4F88-86DD-0527E975CD33}.Release|Any CPU.ActiveCfg = Release|Any CPU
		{8C57D5B4-9379-4F88-86DD-0527E975CD33}.Release|Any CPU.Build.0 = Release|Any CPU
	EndGlobalSection
	GlobalSection(SolutionProperties) = preSolution
		HideSolutionNode = FALSE
	EndGlobalSection
	GlobalSection(ExtensibilityGlobals) = postSolution
		SolutionGuid = {E58B80F5-D71F-4313-A269-5CFD932CB064}
	EndGlobalSection
EndGlobal
